[[package]]
name = "autoflake"
version = "1.4"
description = "Removes unused imports and unused variables"
category = "dev"
optional = false
python-versions = "*"

[package.dependencies]
pyflakes = ">=1.1.0"

[[package]]
name = "beautifulsoup4"
version = "4.10.0"
description = "Screen-scraping library"
category = "main"
optional = false
python-versions = ">3.0.0"

[package.dependencies]
soupsieve = ">1.2"

[package.extras]
html5lib = ["html5lib"]
lxml = ["lxml"]

[[package]]
name = "black"
version = "22.1.0"
description = "The uncompromising code formatter."
category = "dev"
optional = false
python-versions = ">=3.6.2"

[package.dependencies]
click = ">=8.0.0"
mypy-extensions = ">=0.4.3"
pathspec = ">=0.9.0"
platformdirs = ">=2"
tomli = ">=1.1.0"
typing-extensions = {version = ">=3.10.0.0", markers = "python_version < \"3.10\""}

[package.extras]
colorama = ["colorama (>=0.4.3)"]
d = ["aiohttp (>=3.7.4)"]
jupyter = ["ipython (>=7.8.0)", "tokenize-rt (>=3.2.0)"]
uvloop = ["uvloop (>=0.15.2)"]

[[package]]
name = "certifi"
version = "2021.10.8"
description = "Python package for providing Mozilla's CA Bundle."
category = "main"
optional = false
python-versions = "*"

[[package]]
name = "charset-normalizer"
version = "2.0.12"
description = "The Real First Universal Charset Detector. Open, modern and actively maintained alternative to Chardet."
category = "main"
optional = false
python-versions = ">=3.5.0"

[package.extras]
unicode_backport = ["unicodedata2"]

[[package]]
name = "click"
version = "8.0.3"
description = "Composable command line interface toolkit"
category = "dev"
optional = false
python-versions = ">=3.6"

[package.dependencies]
colorama = {version = "*", markers = "platform_system == \"Windows\""}

[[package]]
name = "colorama"
version = "0.4.4"
description = "Cross-platform colored terminal text."
category = "dev"
optional = false
python-versions = ">=2.7, !=3.0.*, !=3.1.*, !=3.2.*, !=3.3.*, !=3.4.*"

[[package]]
name = "idna"
version = "3.3"
description = "Internationalized Domain Names in Applications (IDNA)"
category = "main"
optional = false
python-versions = ">=3.5"

[[package]]
name = "isort"
version = "5.10.1"
description = "A Python utility / library to sort Python imports."
category = "dev"
optional = false
python-versions = ">=3.6.1,<4.0"

[package.extras]
pipfile_deprecated_finder = ["pipreqs", "requirementslib"]
requirements_deprecated_finder = ["pipreqs", "pip-api"]
colors = ["colorama (>=0.4.3,<0.5.0)"]
plugins = ["setuptools"]

[[package]]
name = "lxml"
version = "4.9.0"
description = "Powerful and Pythonic XML processing library combining libxml2/libxslt with the ElementTree API."
category = "main"
optional = false
python-versions = ">=2.7, !=3.0.*, !=3.1.*, !=3.2.*, !=3.3.*, != 3.4.*"

[package.extras]
cssselect = ["cssselect (>=0.7)"]
html5 = ["html5lib"]
htmlsoup = ["beautifulsoup4"]
source = ["Cython (>=0.29.7)"]

[[package]]
name = "mypy-extensions"
version = "0.4.3"
description = "Experimental type system extensions for programs checked with the mypy typechecker."
category = "dev"
optional = false
python-versions = "*"

[[package]]
name = "numpy"
version = "1.22.2"
description = "NumPy is the fundamental package for array computing with Python."
category = "main"
optional = false
python-versions = ">=3.8"

[[package]]
name = "pandas"
version = "1.4.1"
description = "Powerful data structures for data analysis, time series, and statistics"
category = "main"
optional = false
python-versions = ">=3.8"

[package.dependencies]
numpy = [
    {version = ">=1.18.5", markers = "platform_machine != \"aarch64\" and platform_machine != \"arm64\" and python_version < \"3.10\""},
    {version = ">=1.19.2", markers = "platform_machine == \"aarch64\" and python_version < \"3.10\""},
    {version = ">=1.20.0", markers = "platform_machine == \"arm64\" and python_version < \"3.10\""},
    {version = ">=1.21.0", markers = "python_version >= \"3.10\""},
]
python-dateutil = ">=2.8.1"
pytz = ">=2020.1"

[package.extras]
test = ["hypothesis (>=5.5.3)", "pytest (>=6.0)", "pytest-xdist (>=1.31)"]

[[package]]
name = "pathspec"
version = "0.9.0"
description = "Utility library for gitignore style pattern matching of file paths."
category = "dev"
optional = false
python-versions = "!=3.0.*,!=3.1.*,!=3.2.*,!=3.3.*,!=3.4.*,>=2.7"

[[package]]
name = "pint"
version = "0.19.2"
description = "Physical quantities module"
category = "main"
optional = false
python-versions = ">=3.8"

[package.extras]
numpy = ["numpy (>=1.19.5)"]
test = ["pytest", "pytest-mpl", "pytest-cov", "pytest-subtests"]
uncertainties = ["uncertainties (>=3.1.6)"]

[[package]]
name = "pint-pandas"
version = "0.2"
description = "Physical quantities module"
category = "main"
optional = false
python-versions = ">=3.6"

[package.dependencies]
pandas = ">=1.2"
pint = ">=0.17"

[package.extras]
test = ["pytest", "pytest-mpl", "pytest-cov", "pytest-subtests", "codecov", "coveralls", "nbval"]

[[package]]
name = "platformdirs"
version = "2.5.0"
description = "A small Python module for determining appropriate platform-specific dirs, e.g. a \"user data dir\"."
category = "dev"
optional = false
python-versions = ">=3.7"

[package.extras]
docs = ["Sphinx (>=4)", "furo (>=2021.7.5b38)", "proselint (>=0.10.2)", "sphinx-autodoc-typehints (>=1.12)"]
test = ["appdirs (==1.4.4)", "pytest (>=6)", "pytest-cov (>=2.7)", "pytest-mock (>=3.6)"]

[[package]]
name = "pyflakes"
version = "2.4.0"
description = "passive checker of Python programs"
category = "dev"
optional = false
python-versions = ">=2.7, !=3.0.*, !=3.1.*, !=3.2.*, !=3.3.*"

[[package]]
name = "python-dateutil"
version = "2.8.2"
description = "Extensions to the standard Python datetime module"
category = "main"
optional = false
python-versions = "!=3.0.*,!=3.1.*,!=3.2.*,>=2.7"

[package.dependencies]
six = ">=1.5"

[[package]]
name = "pytz"
version = "2021.3"
description = "World timezone definitions, modern and historical"
category = "main"
optional = false
python-versions = "*"

[[package]]
name = "requests"
version = "2.27.1"
description = "Python HTTP for Humans."
category = "main"
optional = false
python-versions = ">=2.7, !=3.0.*, !=3.1.*, !=3.2.*, !=3.3.*, !=3.4.*, !=3.5.*"

[package.dependencies]
certifi = ">=2017.4.17"
charset-normalizer = {version = ">=2.0.0,<2.1.0", markers = "python_version >= \"3\""}
idna = {version = ">=2.5,<4", markers = "python_version >= \"3\""}
urllib3 = ">=1.21.1,<1.27"

[package.extras]
socks = ["PySocks (>=1.5.6,!=1.5.7)", "win-inet-pton"]
use_chardet_on_py3 = ["chardet (>=3.0.2,<5)"]

[[package]]
name = "six"
version = "1.16.0"
description = "Python 2 and 3 compatibility utilities"
category = "main"
optional = false
python-versions = ">=2.7, !=3.0.*, !=3.1.*, !=3.2.*"

[[package]]
name = "soupsieve"
version = "2.3.1"
description = "A modern CSS selector implementation for Beautiful Soup."
category = "main"
optional = false
python-versions = ">=3.6"

[[package]]
name = "tinydb"
version = "4.6.1"
description = "TinyDB is a tiny, document oriented database optimized for your happiness :)"
category = "main"
optional = false
python-versions = ">=3.6,<4.0"

[[package]]
name = "tomli"
version = "2.0.1"
description = "A lil' TOML parser"
category = "dev"
optional = false
python-versions = ">=3.7"

[[package]]
name = "typing-extensions"
version = "4.1.1"
description = "Backported and Experimental Type Hints for Python 3.6+"
category = "dev"
optional = false
python-versions = ">=3.6"

[[package]]
name = "urllib3"
version = "1.26.8"
description = "HTTP library with thread-safe connection pooling, file post, and more."
category = "main"
optional = false
python-versions = ">=2.7, !=3.0.*, !=3.1.*, !=3.2.*, !=3.3.*, !=3.4.*, <4"

[package.extras]
brotli = ["brotlipy (>=0.6.0)"]
secure = ["pyOpenSSL (>=0.14)", "cryptography (>=1.3.4)", "idna (>=2.0.0)", "certifi", "ipaddress"]
socks = ["PySocks (>=1.5.6,!=1.5.7,<2.0)"]

[metadata]
lock-version = "1.1"
python-versions = "^3.9"
content-hash = "15b722ab87ec9a19c8644735345c220e45fe15b9b55d90db9837ed45a2fc695d"

[metadata.files]
autoflake = [
    {file = "autoflake-1.4.tar.gz", hash = "sha256:61a353012cff6ab94ca062823d1fb2f692c4acda51c76ff83a8d77915fba51ea"},
]
beautifulsoup4 = [
    {file = "beautifulsoup4-4.10.0-py3-none-any.whl", hash = "sha256:9a315ce70049920ea4572a4055bc4bd700c940521d36fc858205ad4fcde149bf"},
    {file = "beautifulsoup4-4.10.0.tar.gz", hash = "sha256:c23ad23c521d818955a4151a67d81580319d4bf548d3d49f4223ae041ff98891"},
]
black = [
    {file = "black-22.1.0-cp310-cp310-macosx_10_9_universal2.whl", hash = "sha256:1297c63b9e1b96a3d0da2d85d11cd9bf8664251fd69ddac068b98dc4f34f73b6"},
    {file = "black-22.1.0-cp310-cp310-macosx_10_9_x86_64.whl", hash = "sha256:2ff96450d3ad9ea499fc4c60e425a1439c2120cbbc1ab959ff20f7c76ec7e866"},
    {file = "black-22.1.0-cp310-cp310-macosx_11_0_arm64.whl", hash = "sha256:0e21e1f1efa65a50e3960edd068b6ae6d64ad6235bd8bfea116a03b21836af71"},
    {file = "black-22.1.0-cp310-cp310-manylinux_2_17_x86_64.manylinux2014_x86_64.whl", hash = "sha256:e2f69158a7d120fd641d1fa9a921d898e20d52e44a74a6fbbcc570a62a6bc8ab"},
    {file = "black-22.1.0-cp310-cp310-win_amd64.whl", hash = "sha256:228b5ae2c8e3d6227e4bde5920d2fc66cc3400fde7bcc74f480cb07ef0b570d5"},
    {file = "black-22.1.0-cp36-cp36m-macosx_10_9_x86_64.whl", hash = "sha256:b1a5ed73ab4c482208d20434f700d514f66ffe2840f63a6252ecc43a9bc77e8a"},
    {file = "black-22.1.0-cp36-cp36m-manylinux_2_17_x86_64.manylinux2014_x86_64.whl", hash = "sha256:35944b7100af4a985abfcaa860b06af15590deb1f392f06c8683b4381e8eeaf0"},
    {file = "black-22.1.0-cp36-cp36m-win_amd64.whl", hash = "sha256:7835fee5238fc0a0baf6c9268fb816b5f5cd9b8793423a75e8cd663c48d073ba"},
    {file = "black-22.1.0-cp37-cp37m-macosx_10_9_x86_64.whl", hash = "sha256:dae63f2dbf82882fa3b2a3c49c32bffe144970a573cd68d247af6560fc493ae1"},
    {file = "black-22.1.0-cp37-cp37m-manylinux_2_17_x86_64.manylinux2014_x86_64.whl", hash = "sha256:5fa1db02410b1924b6749c245ab38d30621564e658297484952f3d8a39fce7e8"},
    {file = "black-22.1.0-cp37-cp37m-win_amd64.whl", hash = "sha256:c8226f50b8c34a14608b848dc23a46e5d08397d009446353dad45e04af0c8e28"},
    {file = "black-22.1.0-cp38-cp38-macosx_10_9_universal2.whl", hash = "sha256:2d6f331c02f0f40aa51a22e479c8209d37fcd520c77721c034517d44eecf5912"},
    {file = "black-22.1.0-cp38-cp38-macosx_10_9_x86_64.whl", hash = "sha256:742ce9af3086e5bd07e58c8feb09dbb2b047b7f566eb5f5bc63fd455814979f3"},
    {file = "black-22.1.0-cp38-cp38-macosx_11_0_arm64.whl", hash = "sha256:fdb8754b453fb15fad3f72cd9cad3e16776f0964d67cf30ebcbf10327a3777a3"},
    {file = "black-22.1.0-cp38-cp38-manylinux_2_17_x86_64.manylinux2014_x86_64.whl", hash = "sha256:f5660feab44c2e3cb24b2419b998846cbb01c23c7fe645fee45087efa3da2d61"},
    {file = "black-22.1.0-cp38-cp38-win_amd64.whl", hash = "sha256:6f2f01381f91c1efb1451998bd65a129b3ed6f64f79663a55fe0e9b74a5f81fd"},
    {file = "black-22.1.0-cp39-cp39-macosx_10_9_universal2.whl", hash = "sha256:efbadd9b52c060a8fc3b9658744091cb33c31f830b3f074422ed27bad2b18e8f"},
    {file = "black-22.1.0-cp39-cp39-macosx_10_9_x86_64.whl", hash = "sha256:8871fcb4b447206904932b54b567923e5be802b9b19b744fdff092bd2f3118d0"},
    {file = "black-22.1.0-cp39-cp39-macosx_11_0_arm64.whl", hash = "sha256:ccad888050f5393f0d6029deea2a33e5ae371fd182a697313bdbd835d3edaf9c"},
    {file = "black-22.1.0-cp39-cp39-manylinux_2_17_x86_64.manylinux2014_x86_64.whl", hash = "sha256:07e5c049442d7ca1a2fc273c79d1aecbbf1bc858f62e8184abe1ad175c4f7cc2"},
    {file = "black-22.1.0-cp39-cp39-win_amd64.whl", hash = "sha256:373922fc66676133ddc3e754e4509196a8c392fec3f5ca4486673e685a421321"},
    {file = "black-22.1.0-py3-none-any.whl", hash = "sha256:3524739d76b6b3ed1132422bf9d82123cd1705086723bc3e235ca39fd21c667d"},
    {file = "black-22.1.0.tar.gz", hash = "sha256:a7c0192d35635f6fc1174be575cb7915e92e5dd629ee79fdaf0dcfa41a80afb5"},
]
certifi = [
    {file = "certifi-2021.10.8-py2.py3-none-any.whl", hash = "sha256:d62a0163eb4c2344ac042ab2bdf75399a71a2d8c7d47eac2e2ee91b9d6339569"},
    {file = "certifi-2021.10.8.tar.gz", hash = "sha256:78884e7c1d4b00ce3cea67b44566851c4343c120abd683433ce934a68ea58872"},
]
charset-normalizer = [
    {file = "charset-normalizer-2.0.12.tar.gz", hash = "sha256:2857e29ff0d34db842cd7ca3230549d1a697f96ee6d3fb071cfa6c7393832597"},
    {file = "charset_normalizer-2.0.12-py3-none-any.whl", hash = "sha256:6881edbebdb17b39b4eaaa821b438bf6eddffb4468cf344f09f89def34a8b1df"},
]
click = [
    {file = "click-8.0.3-py3-none-any.whl", hash = "sha256:353f466495adaeb40b6b5f592f9f91cb22372351c84caeb068132442a4518ef3"},
    {file = "click-8.0.3.tar.gz", hash = "sha256:410e932b050f5eed773c4cda94de75971c89cdb3155a72a0831139a79e5ecb5b"},
]
colorama = [
    {file = "colorama-0.4.4-py2.py3-none-any.whl", hash = "sha256:9f47eda37229f68eee03b24b9748937c7dc3868f906e8ba69fbcbdd3bc5dc3e2"},
    {file = "colorama-0.4.4.tar.gz", hash = "sha256:5941b2b48a20143d2267e95b1c2a7603ce057ee39fd88e7329b0c292aa16869b"},
]
idna = [
    {file = "idna-3.3-py3-none-any.whl", hash = "sha256:84d9dd047ffa80596e0f246e2eab0b391788b0503584e8945f2368256d2735ff"},
    {file = "idna-3.3.tar.gz", hash = "sha256:9d643ff0a55b762d5cdb124b8eaa99c66322e2157b69160bc32796e824360e6d"},
]
isort = [
    {file = "isort-5.10.1-py3-none-any.whl", hash = "sha256:6f62d78e2f89b4500b080fe3a81690850cd254227f27f75c3a0c491a1f351ba7"},
    {file = "isort-5.10.1.tar.gz", hash = "sha256:e8443a5e7a020e9d7f97f1d7d9cd17c88bcb3bc7e218bf9cf5095fe550be2951"},
]
lxml = [
    {file = "lxml-4.9.0-cp27-cp27m-macosx_10_15_x86_64.whl", hash = "sha256:b5031d151d6147eac53366d6ec87da84cd4d8c5e80b1d9948a667a7164116e39"},
    {file = "lxml-4.9.0-cp27-cp27m-manylinux_2_5_i686.manylinux1_i686.whl", hash = "sha256:5d52e1173f52020392f593f87a6af2d4055dd800574a5cb0af4ea3878801d307"},
    {file = "lxml-4.9.0-cp27-cp27m-manylinux_2_5_x86_64.manylinux1_x86_64.whl", hash = "sha256:3af00ee88376022589ceeb8170eb67dacf5f7cd625ea59fa0977d719777d4ae8"},
    {file = "lxml-4.9.0-cp27-cp27m-win32.whl", hash = "sha256:1057356b808d149bc14eb8f37bb89129f237df488661c1e0fc0376ca90e1d2c3"},
    {file = "lxml-4.9.0-cp27-cp27m-win_amd64.whl", hash = "sha256:f6d23a01921b741774f35e924d418a43cf03eca1444f3fdfd7978d35a5aaab8b"},
    {file = "lxml-4.9.0-cp27-cp27mu-manylinux_2_5_i686.manylinux1_i686.whl", hash = "sha256:56e19fb6e4b8bd07fb20028d03d3bc67bcc0621347fbde64f248e44839771756"},
    {file = "lxml-4.9.0-cp27-cp27mu-manylinux_2_5_x86_64.manylinux1_x86_64.whl", hash = "sha256:4cd69bca464e892ea4ed544ba6a7850aaff6f8d792f8055a10638db60acbac18"},
    {file = "lxml-4.9.0-cp310-cp310-macosx_10_15_x86_64.whl", hash = "sha256:94b181dd2777890139e49a5336bf3a9a3378ce66132c665fe8db4e8b7683cde2"},
    {file = "lxml-4.9.0-cp310-cp310-manylinux_2_12_i686.manylinux2010_i686.manylinux_2_24_i686.whl", hash = "sha256:607224ffae9a0cf0a2f6e14f5f6bce43e83a6fbdaa647891729c103bdd6a5593"},
    {file = "lxml-4.9.0-cp310-cp310-manylinux_2_17_aarch64.manylinux2014_aarch64.manylinux_2_24_aarch64.whl", hash = "sha256:11d62c97ceff9bab94b6b29c010ea5fb6831743459bb759c917f49ba75601cd0"},
    {file = "lxml-4.9.0-cp310-cp310-manylinux_2_17_x86_64.manylinux2014_x86_64.manylinux_2_24_x86_64.whl", hash = "sha256:70a198030d26f5e569367f0f04509b63256faa76a22886280eea69a4f535dd40"},
    {file = "lxml-4.9.0-cp310-cp310-musllinux_1_1_x86_64.whl", hash = "sha256:3cf816aed8125cfc9e6e5c6c31ff94278320d591bd7970c4a0233bee0d1c8790"},
    {file = "lxml-4.9.0-cp310-cp310-win32.whl", hash = "sha256:65b3b5f12c6fb5611e79157214f3cd533083f9b058bf2fc8a1c5cc5ee40fdc5a"},
    {file = "lxml-4.9.0-cp310-cp310-win_amd64.whl", hash = "sha256:0aa4cce579512c33373ca4c5e23c21e40c1aa1a33533a75e51b654834fd0e4f2"},
    {file = "lxml-4.9.0-cp35-cp35m-manylinux_2_5_i686.manylinux1_i686.whl", hash = "sha256:63419db39df8dc5564f6f103102c4665f7e4d9cb64030e98cf7a74eae5d5760d"},
    {file = "lxml-4.9.0-cp35-cp35m-manylinux_2_5_x86_64.manylinux1_x86_64.whl", hash = "sha256:d8e5021e770b0a3084c30dda5901d5fce6d4474feaf0ced8f8e5a82702502fbb"},
    {file = "lxml-4.9.0-cp35-cp35m-win32.whl", hash = "sha256:f17b9df97c5ecdfb56c5e85b3c9df9831246df698f8581c6e111ac664c7c656e"},
    {file = "lxml-4.9.0-cp35-cp35m-win_amd64.whl", hash = "sha256:75da29a0752c8f2395df0115ac1681cefbdd4418676015be8178b733704cbff2"},
    {file = "lxml-4.9.0-cp36-cp36m-macosx_10_15_x86_64.whl", hash = "sha256:e4d020ecf3740b7312bacab2cb966bb720fd4d3490562d373b4ad91dd1857c0d"},
    {file = "lxml-4.9.0-cp36-cp36m-manylinux_2_12_i686.manylinux2010_i686.manylinux_2_24_i686.whl", hash = "sha256:b71c52d69b91af7d18c13aef1b0cc3baee36b78607c711eb14a52bf3aa7c815e"},
    {file = "lxml-4.9.0-cp36-cp36m-manylinux_2_17_aarch64.manylinux2014_aarch64.whl", hash = "sha256:28cf04a1a38e961d4a764d2940af9b941b66263ed5584392ef875ee9c1e360a3"},
    {file = "lxml-4.9.0-cp36-cp36m-manylinux_2_17_x86_64.manylinux2014_x86_64.manylinux_2_24_x86_64.whl", hash = "sha256:915ecf7d486df17cc65aeefdb680d5ad4390cc8c857cf8db3fe241ed234f856a"},
    {file = "lxml-4.9.0-cp36-cp36m-manylinux_2_5_i686.manylinux1_i686.whl", hash = "sha256:e564d5a771b4015f34166a05ea2165b7e283635c41b1347696117f780084b46d"},
    {file = "lxml-4.9.0-cp36-cp36m-manylinux_2_5_x86_64.manylinux1_x86_64.whl", hash = "sha256:c2a57755e366e0ac7ebdb3e9207f159c3bf1afed02392ab18453ce81f5ee92ee"},
    {file = "lxml-4.9.0-cp36-cp36m-musllinux_1_1_x86_64.whl", hash = "sha256:00f3a6f88fd5f4357844dd91a1abac5f466c6799f1b7f1da2df6665253845b11"},
    {file = "lxml-4.9.0-cp36-cp36m-win32.whl", hash = "sha256:9093a359a86650a3dbd6532c3e4d21a6f58ba2cb60d0e72db0848115d24c10ba"},
    {file = "lxml-4.9.0-cp36-cp36m-win_amd64.whl", hash = "sha256:d1690c4d37674a5f0cdafbc5ed7e360800afcf06928c2a024c779c046891bf09"},
    {file = "lxml-4.9.0-cp37-cp37m-macosx_10_15_x86_64.whl", hash = "sha256:6af7f51a6010748fc1bb71917318d953c9673e4ae3f6d285aaf93ef5b2eb11c1"},
    {file = "lxml-4.9.0-cp37-cp37m-manylinux_2_12_i686.manylinux2010_i686.manylinux_2_24_i686.whl", hash = "sha256:eabdbe04ee0a7e760fa6cd9e799d2b020d098c580ba99107d52e1e5e538b1ecb"},
    {file = "lxml-4.9.0-cp37-cp37m-manylinux_2_17_aarch64.manylinux2014_aarch64.manylinux_2_24_aarch64.whl", hash = "sha256:b1e22f3ee4d75ca261b6bffbf64f6f178cb194b1be3191065a09f8d98828daa9"},
    {file = "lxml-4.9.0-cp37-cp37m-manylinux_2_17_x86_64.manylinux2014_x86_64.manylinux_2_24_x86_64.whl", hash = "sha256:53b0410b220766321759f7f9066da67b1d0d4a7f6636a477984cbb1d98483955"},
    {file = "lxml-4.9.0-cp37-cp37m-manylinux_2_5_i686.manylinux1_i686.whl", hash = "sha256:d76da27f5e3e9bc40eba6ed7a9e985f57547e98cf20521d91215707f2fb57e0f"},
    {file = "lxml-4.9.0-cp37-cp37m-manylinux_2_5_x86_64.manylinux1_x86_64.whl", hash = "sha256:686565ac77ff94a8965c11829af253d9e2ce3bf0d9225b1d2eb5c4d4666d0dca"},
    {file = "lxml-4.9.0-cp37-cp37m-musllinux_1_1_x86_64.whl", hash = "sha256:b62d1431b4c40cda43cc986f19b8c86b1d2ae8918cfc00f4776fdf070b65c0c4"},
    {file = "lxml-4.9.0-cp37-cp37m-win32.whl", hash = "sha256:4becd16750ca5c2a1b1588269322b2cebd10c07738f336c922b658dbab96a61c"},
    {file = "lxml-4.9.0-cp37-cp37m-win_amd64.whl", hash = "sha256:e35a298691b9e10e5a5631f8f0ba605b30ebe19208dc8f58b670462f53753641"},
    {file = "lxml-4.9.0-cp38-cp38-macosx_10_15_x86_64.whl", hash = "sha256:aa7447bf7c1a15ef24e2b86a277b585dd3f055e8890ac7f97374d170187daa97"},
    {file = "lxml-4.9.0-cp38-cp38-manylinux_2_12_i686.manylinux2010_i686.manylinux_2_24_i686.whl", hash = "sha256:612ef8f2795a89ba3a1d4c8c1af84d8453fd53ee611aa5ad460fdd2cab426fc2"},
    {file = "lxml-4.9.0-cp38-cp38-manylinux_2_17_aarch64.manylinux2014_aarch64.manylinux_2_24_aarch64.whl", hash = "sha256:1bfb791a8fcdbf55d1d41b8be940393687bec0e9b12733f0796668086d1a23ff"},
    {file = "lxml-4.9.0-cp38-cp38-manylinux_2_17_x86_64.manylinux2014_x86_64.manylinux_2_24_x86_64.whl", hash = "sha256:024684e0c5cfa121c22140d3a0898a3a9b2ea0f0fd2c229b6658af4bdf1155e5"},
    {file = "lxml-4.9.0-cp38-cp38-manylinux_2_5_i686.manylinux1_i686.whl", hash = "sha256:81c29c8741fa07ecec8ec7417c3d8d1e2f18cf5a10a280f4e1c3f8c3590228b2"},
    {file = "lxml-4.9.0-cp38-cp38-manylinux_2_5_x86_64.manylinux1_x86_64.whl", hash = "sha256:6467626fa74f96f4d80fc6ec2555799e97fff8f36e0bfc7f67769f83e59cff40"},
    {file = "lxml-4.9.0-cp38-cp38-musllinux_1_1_x86_64.whl", hash = "sha256:9cae837b988f44925d14d048fa6a8c54f197c8b1223fd9ee9c27084f84606143"},
    {file = "lxml-4.9.0-cp38-cp38-win32.whl", hash = "sha256:5a49ad78543925e1a4196e20c9c54492afa4f1502c2a563f73097e2044c75190"},
    {file = "lxml-4.9.0-cp38-cp38-win_amd64.whl", hash = "sha256:bb7c1b029e54e26e01b1d1d912fc21abb65650d16ea9a191d026def4ed0859ed"},
    {file = "lxml-4.9.0-cp39-cp39-macosx_10_15_x86_64.whl", hash = "sha256:d0d03b9636f1326772e6854459728676354d4c7731dae9902b180e2065ba3da6"},
    {file = "lxml-4.9.0-cp39-cp39-manylinux_2_12_i686.manylinux2010_i686.manylinux_2_24_i686.whl", hash = "sha256:9af19eb789d674b59a9bee5005779757aab857c40bf9cc313cb01eafac55ce55"},
    {file = "lxml-4.9.0-cp39-cp39-manylinux_2_17_aarch64.manylinux2014_aarch64.manylinux_2_24_aarch64.whl", hash = "sha256:dd00d28d1ab5fa7627f5abc957f29a6338a7395b724571a8cbff8fbed83aaa82"},
    {file = "lxml-4.9.0-cp39-cp39-manylinux_2_17_x86_64.manylinux2014_x86_64.manylinux_2_24_x86_64.whl", hash = "sha256:754a1dd04bff8a509a31146bd8f3a5dc8191a8694d582dd5fb71ff09f0722c22"},
    {file = "lxml-4.9.0-cp39-cp39-manylinux_2_5_i686.manylinux1_i686.whl", hash = "sha256:b7679344f2270840dc5babc9ccbedbc04f7473c1f66d4676bb01680c0db85bcc"},
    {file = "lxml-4.9.0-cp39-cp39-manylinux_2_5_x86_64.manylinux1_x86_64.whl", hash = "sha256:d882c2f3345261e898b9f604be76b61c901fbfa4ac32e3f51d5dc1edc89da3cb"},
    {file = "lxml-4.9.0-cp39-cp39-musllinux_1_1_x86_64.whl", hash = "sha256:4e97c8fc761ad63909198acc892f34c20f37f3baa2c50a62d5ec5d7f1efc68a1"},
    {file = "lxml-4.9.0-cp39-cp39-win32.whl", hash = "sha256:cf9ec915857d260511399ab87e1e70fa13d6b2972258f8e620a3959468edfc32"},
    {file = "lxml-4.9.0-cp39-cp39-win_amd64.whl", hash = "sha256:1254a79f8a67a3908de725caf59eae62d86738f6387b0a34b32e02abd6ae73db"},
    {file = "lxml-4.9.0-pp37-pypy37_pp73-macosx_10_15_x86_64.whl", hash = "sha256:03370ec37fe562238d385e2c53089076dee53aabf8325cab964fdb04a9130fa0"},
    {file = "lxml-4.9.0-pp37-pypy37_pp73-manylinux_2_12_i686.manylinux2010_i686.manylinux_2_24_i686.whl", hash = "sha256:f386def57742aacc3d864169dfce644a8c396f95aa35b41b69df53f558d56dd0"},
    {file = "lxml-4.9.0-pp37-pypy37_pp73-manylinux_2_17_x86_64.manylinux2014_x86_64.manylinux_2_24_x86_64.whl", hash = "sha256:ea3f2e9eb41f973f73619e88bf7bd950b16b4c2ce73d15f24a11800ce1eaf276"},
    {file = "lxml-4.9.0-pp38-pypy38_pp73-macosx_10_15_x86_64.whl", hash = "sha256:2d10659e6e5c53298e6d718fd126e793285bff904bb71d7239a17218f6a197b7"},
    {file = "lxml-4.9.0-pp38-pypy38_pp73-manylinux_2_12_i686.manylinux2010_i686.manylinux_2_24_i686.whl", hash = "sha256:fcdf70191f0d1761d190a436db06a46f05af60e1410e1507935f0332280c9268"},
    {file = "lxml-4.9.0-pp38-pypy38_pp73-manylinux_2_17_x86_64.manylinux2014_x86_64.manylinux_2_24_x86_64.whl", hash = "sha256:2b9c2341d96926b0d0e132e5c49ef85eb53fa92ae1c3a70f9072f3db0d32bc07"},
    {file = "lxml-4.9.0-pp39-pypy39_pp73-manylinux_2_12_i686.manylinux2010_i686.manylinux_2_24_i686.whl", hash = "sha256:615886ee84b6f42f1bdf1852a9669b5fe3b96b6ff27f1a7a330b67ad9911200a"},
    {file = "lxml-4.9.0-pp39-pypy39_pp73-manylinux_2_17_x86_64.manylinux2014_x86_64.manylinux_2_24_x86_64.whl", hash = "sha256:94f2e45b054dd759bed137b6e14ae8625495f7d90ddd23cf62c7a68f72b62656"},
    {file = "lxml-4.9.0.tar.gz", hash = "sha256:520461c36727268a989790aef08884347cd41f2d8ae855489ccf40b50321d8d7"},
]
mypy-extensions = [
    {file = "mypy_extensions-0.4.3-py2.py3-none-any.whl", hash = "sha256:090fedd75945a69ae91ce1303b5824f428daf5a028d2f6ab8a299250a846f15d"},
    {file = "mypy_extensions-0.4.3.tar.gz", hash = "sha256:2d82818f5bb3e369420cb3c4060a7970edba416647068eb4c5343488a6c604a8"},
]
numpy = [
    {file = "numpy-1.22.2-cp310-cp310-macosx_10_14_x86_64.whl", hash = "sha256:515a8b6edbb904594685da6e176ac9fbea8f73a5ebae947281de6613e27f1956"},
    {file = "numpy-1.22.2-cp310-cp310-macosx_11_0_arm64.whl", hash = "sha256:76a4f9bce0278becc2da7da3b8ef854bed41a991f4226911a24a9711baad672c"},
    {file = "numpy-1.22.2-cp310-cp310-manylinux_2_17_aarch64.manylinux2014_aarch64.whl", hash = "sha256:168259b1b184aa83a514f307352c25c56af111c269ffc109d9704e81f72e764b"},
    {file = "numpy-1.22.2-cp310-cp310-manylinux_2_17_x86_64.manylinux2014_x86_64.whl", hash = "sha256:3556c5550de40027d3121ebbb170f61bbe19eb639c7ad0c7b482cd9b560cd23b"},
    {file = "numpy-1.22.2-cp310-cp310-win_amd64.whl", hash = "sha256:aafa46b5a39a27aca566198d3312fb3bde95ce9677085efd02c86f7ef6be4ec7"},
    {file = "numpy-1.22.2-cp38-cp38-macosx_10_14_x86_64.whl", hash = "sha256:55535c7c2f61e2b2fc817c5cbe1af7cb907c7f011e46ae0a52caa4be1f19afe2"},
    {file = "numpy-1.22.2-cp38-cp38-macosx_11_0_arm64.whl", hash = "sha256:60cb8e5933193a3cc2912ee29ca331e9c15b2da034f76159b7abc520b3d1233a"},
    {file = "numpy-1.22.2-cp38-cp38-manylinux_2_17_aarch64.manylinux2014_aarch64.whl", hash = "sha256:0b536b6840e84c1c6a410f3a5aa727821e6108f3454d81a5cd5900999ef04f89"},
    {file = "numpy-1.22.2-cp38-cp38-manylinux_2_17_x86_64.manylinux2014_x86_64.whl", hash = "sha256:2638389562bda1635b564490d76713695ff497242a83d9b684d27bb4a6cc9d7a"},
    {file = "numpy-1.22.2-cp38-cp38-win32.whl", hash = "sha256:6767ad399e9327bfdbaa40871be4254d1995f4a3ca3806127f10cec778bd9896"},
    {file = "numpy-1.22.2-cp38-cp38-win_amd64.whl", hash = "sha256:03ae5850619abb34a879d5f2d4bb4dcd025d6d8fb72f5e461dae84edccfe129f"},
    {file = "numpy-1.22.2-cp39-cp39-macosx_10_14_x86_64.whl", hash = "sha256:d76a26c5118c4d96e264acc9e3242d72e1a2b92e739807b3b69d8d47684b6677"},
    {file = "numpy-1.22.2-cp39-cp39-macosx_11_0_arm64.whl", hash = "sha256:15efb7b93806d438e3bc590ca8ef2f953b0ce4f86f337ef4559d31ec6cf9d7dd"},
    {file = "numpy-1.22.2-cp39-cp39-manylinux_2_17_aarch64.manylinux2014_aarch64.whl", hash = "sha256:badca914580eb46385e7f7e4e426fea6de0a37b9e06bec252e481ae7ec287082"},
    {file = "numpy-1.22.2-cp39-cp39-manylinux_2_17_x86_64.manylinux2014_x86_64.whl", hash = "sha256:94dd11d9f13ea1be17bac39c1942f527cbf7065f94953cf62dfe805653da2f8f"},
    {file = "numpy-1.22.2-cp39-cp39-win32.whl", hash = "sha256:8cf33634b60c9cef346663a222d9841d3bbbc0a2f00221d6bcfd0d993d5543f6"},
    {file = "numpy-1.22.2-cp39-cp39-win_amd64.whl", hash = "sha256:59153979d60f5bfe9e4c00e401e24dfe0469ef8da6d68247439d3278f30a180f"},
    {file = "numpy-1.22.2-pp38-pypy38_pp73-manylinux_2_17_x86_64.manylinux2014_x86_64.whl", hash = "sha256:4a176959b6e7e00b5a0d6f549a479f869829bfd8150282c590deee6d099bbb6e"},
    {file = "numpy-1.22.2.zip", hash = "sha256:076aee5a3763d41da6bef9565fdf3cb987606f567cd8b104aded2b38b7b47abf"},
]
pandas = [
    {file = "pandas-1.4.1-cp310-cp310-macosx_10_9_universal2.whl", hash = "sha256:3dfb32ed50122fe8c5e7f2b8d97387edd742cc78f9ec36f007ee126cd3720907"},
    {file = "pandas-1.4.1-cp310-cp310-macosx_10_9_x86_64.whl", hash = "sha256:0259cd11e7e6125aaea3af823b80444f3adad6149ff4c97fef760093598b3e34"},
    {file = "pandas-1.4.1-cp310-cp310-macosx_11_0_arm64.whl", hash = "sha256:96e9ece5759f9b47ae43794b6359bbc54805d76e573b161ae770c1ea59393106"},
    {file = "pandas-1.4.1-cp310-cp310-manylinux_2_17_aarch64.manylinux2014_aarch64.whl", hash = "sha256:508c99debccd15790d526ce6b1624b97a5e1e4ca5b871319fb0ebfd46b8f4dad"},
    {file = "pandas-1.4.1-cp310-cp310-manylinux_2_17_x86_64.manylinux2014_x86_64.whl", hash = "sha256:e6a7bbbb7950063bfc942f8794bc3e31697c020a14f1cd8905fc1d28ec674a01"},
    {file = "pandas-1.4.1-cp310-cp310-win_amd64.whl", hash = "sha256:c614001129b2a5add5e3677c3a213a9e6fd376204cb8d17c04e84ff7dfc02a73"},
    {file = "pandas-1.4.1-cp38-cp38-macosx_10_9_universal2.whl", hash = "sha256:4e1176f45981c8ccc8161bc036916c004ca51037a7ed73f2d2a9857e6dbe654f"},
    {file = "pandas-1.4.1-cp38-cp38-macosx_10_9_x86_64.whl", hash = "sha256:bbb15ad79050e8b8d39ec40dd96a30cd09b886a2ae8848d0df1abba4d5502a67"},
    {file = "pandas-1.4.1-cp38-cp38-macosx_11_0_arm64.whl", hash = "sha256:6d6ad1da00c7cc7d8dd1559a6ba59ba3973be6b15722d49738b2be0977eb8a0c"},
    {file = "pandas-1.4.1-cp38-cp38-manylinux_2_17_aarch64.manylinux2014_aarch64.whl", hash = "sha256:358b0bc98a5ff067132d23bf7a2242ee95db9ea5b7bbc401cf79205f11502fd3"},
    {file = "pandas-1.4.1-cp38-cp38-manylinux_2_17_x86_64.manylinux2014_x86_64.whl", hash = "sha256:6105af6533f8b63a43ea9f08a2ede04e8f43e49daef0209ab0d30352bcf08bee"},
    {file = "pandas-1.4.1-cp38-cp38-win32.whl", hash = "sha256:04dd15d9db538470900c851498e532ef28d4e56bfe72c9523acb32042de43dfb"},
    {file = "pandas-1.4.1-cp38-cp38-win_amd64.whl", hash = "sha256:1b384516dbb4e6aae30e3464c2e77c563da5980440fbdfbd0968e3942f8f9d70"},
    {file = "pandas-1.4.1-cp39-cp39-macosx_10_9_universal2.whl", hash = "sha256:f02e85e6d832be37d7f16cf6ac8bb26b519ace3e5f3235564a91c7f658ab2a43"},
    {file = "pandas-1.4.1-cp39-cp39-macosx_10_9_x86_64.whl", hash = "sha256:0b1a13f647e4209ed7dbb5da3497891d0045da9785327530ab696417ef478f84"},
    {file = "pandas-1.4.1-cp39-cp39-macosx_11_0_arm64.whl", hash = "sha256:19f7c632436b1b4f84615c3b127bbd7bc603db95e3d4332ed259dc815c9aaa26"},
    {file = "pandas-1.4.1-cp39-cp39-manylinux_2_17_aarch64.manylinux2014_aarch64.whl", hash = "sha256:7ea47ba1d6f359680130bd29af497333be6110de8f4c35b9211eec5a5a9630fa"},
    {file = "pandas-1.4.1-cp39-cp39-manylinux_2_17_x86_64.manylinux2014_x86_64.whl", hash = "sha256:2e5a7a1e0ecaac652326af627a3eca84886da9e667d68286866d4e33f6547caf"},
    {file = "pandas-1.4.1-cp39-cp39-win32.whl", hash = "sha256:1d85d5f6be66dfd6d1d8d13b9535e342a2214260f1852654b19fa4d7b8d1218b"},
    {file = "pandas-1.4.1-cp39-cp39-win_amd64.whl", hash = "sha256:3129a35d9dad1d80c234dd78f8f03141b914395d23f97cf92a366dcd19f8f8bf"},
    {file = "pandas-1.4.1.tar.gz", hash = "sha256:8db93ec98ac7cb5f8ac1420c10f5e3c43533153f253fe7fb6d891cf5aa2b80d2"},
]
pathspec = [
    {file = "pathspec-0.9.0-py2.py3-none-any.whl", hash = "sha256:7d15c4ddb0b5c802d161efc417ec1a2558ea2653c2e8ad9c19098201dc1c993a"},
    {file = "pathspec-0.9.0.tar.gz", hash = "sha256:e564499435a2673d586f6b2130bb5b95f04a3ba06f81b8f895b651a3c76aabb1"},
]
pint = [
    {file = "Pint-0.19.2.tar.gz", hash = "sha256:e1d4989ff510b378dad64f91711e7bdabe5ca78d75b06a18569ac454678c4baf"},
]
pint-pandas = [
    {file = "Pint-Pandas-0.2.tar.gz", hash = "sha256:6f60d2e80ac102e0f94addb9206e0f6cca5ee42f0b7f8930d8c798002e41fa87"},
    {file = "Pint_Pandas-0.2-py2.py3-none-any.whl", hash = "sha256:214e4d9b79f540e7caef3a1cfd3d9ee31cba6b1559303a49f4de04a5756cc507"},
]
platformdirs = [
    {file = "platformdirs-2.5.0-py3-none-any.whl", hash = "sha256:30671902352e97b1eafd74ade8e4a694782bd3471685e78c32d0fdfd3aa7e7bb"},
    {file = "platformdirs-2.5.0.tar.gz", hash = "sha256:8ec11dfba28ecc0715eb5fb0147a87b1bf325f349f3da9aab2cd6b50b96b692b"},
]
pyflakes = [
    {file = "pyflakes-2.4.0-py2.py3-none-any.whl", hash = "sha256:3bb3a3f256f4b7968c9c788781e4ff07dce46bdf12339dcda61053375426ee2e"},
    {file = "pyflakes-2.4.0.tar.gz", hash = "sha256:05a85c2872edf37a4ed30b0cce2f6093e1d0581f8c19d7393122da7e25b2b24c"},
]
python-dateutil = [
    {file = "python-dateutil-2.8.2.tar.gz", hash = "sha256:0123cacc1627ae19ddf3c27a5de5bd67ee4586fbdd6440d9748f8abb483d3e86"},
    {file = "python_dateutil-2.8.2-py2.py3-none-any.whl", hash = "sha256:961d03dc3453ebbc59dbdea9e4e11c5651520a876d0f4db161e8674aae935da9"},
]
pytz = [
    {file = "pytz-2021.3-py2.py3-none-any.whl", hash = "sha256:3672058bc3453457b622aab7a1c3bfd5ab0bdae451512f6cf25f64ed37f5b87c"},
    {file = "pytz-2021.3.tar.gz", hash = "sha256:acad2d8b20a1af07d4e4c9d2e9285c5ed9104354062f275f3fcd88dcef4f1326"},
]
requests = [
    {file = "requests-2.27.1-py2.py3-none-any.whl", hash = "sha256:f22fa1e554c9ddfd16e6e41ac79759e17be9e492b3587efa038054674760e72d"},
    {file = "requests-2.27.1.tar.gz", hash = "sha256:68d7c56fd5a8999887728ef304a6d12edc7be74f1cfa47714fc8b414525c9a61"},
]
six = [
    {file = "six-1.16.0-py2.py3-none-any.whl", hash = "sha256:8abb2f1d86890a2dfb989f9a77cfcfd3e47c2a354b01111771326f8aa26e0254"},
    {file = "six-1.16.0.tar.gz", hash = "sha256:1e61c37477a1626458e36f7b1d82aa5c9b094fa4802892072e49de9c60c4c926"},
]
soupsieve = [
    {file = "soupsieve-2.3.1-py3-none-any.whl", hash = "sha256:1a3cca2617c6b38c0343ed661b1fa5de5637f257d4fe22bd9f1338010a1efefb"},
    {file = "soupsieve-2.3.1.tar.gz", hash = "sha256:b8d49b1cd4f037c7082a9683dfa1801aa2597fb11c3a1155b7a5b94829b4f1f9"},
]
tinydb = [
    {file = "tinydb-4.6.1-py3-none-any.whl", hash = "sha256:ac1fdae2a7d5d7e2ca915d2666e685d63982991827c5dd097b6be4a3b5822dbc"},
    {file = "tinydb-4.6.1.tar.gz", hash = "sha256:0d5400f5e5ae368a84d57cb234456f1cf70430fd39bcd77ccd568fea91ff2a4e"},
]
tomli = [
    {file = "tomli-2.0.1-py3-none-any.whl", hash = "sha256:939de3e7a6161af0c887ef91b7d41a53e7c5a1ca976325f429cb46ea9bc30ecc"},
    {file = "tomli-2.0.1.tar.gz", hash = "sha256:de526c12914f0c550d15924c62d72abc48d6fe7364aa87328337a31007fe8a4f"},
]
typing-extensions = [
    {file = "typing_extensions-4.1.1-py3-none-any.whl", hash = "sha256:21c85e0fe4b9a155d0799430b0ad741cdce7e359660ccbd8b530613e8df88ce2"},
    {file = "typing_extensions-4.1.1.tar.gz", hash = "sha256:1a9462dcc3347a79b1f1c0271fbe79e844580bb598bafa1ed208b94da3cdcd42"},
]
urllib3 = [
    {file = "urllib3-1.26.8-py2.py3-none-any.whl", hash = "sha256:000ca7f471a233c2251c6c7023ee85305721bfdf18621ebff4fd17a8653427ed"},
    {file = "urllib3-1.26.8.tar.gz", hash = "sha256:0e7c33d9a63e7ddfcb86780aac87befc2fbddf46c58dbb487e0855f7ceec283c"},
]
